
Microsoft Visual Studio Solution File, Format Version 12.00
# Visual Studio 15
VisualStudioVersion = 15.0.27004.2006
MinimumVisualStudioVersion = 10.0.40219.1
Project("{FAE04EC0-301F-11D3-BF4B-00C04F79EFBC}") = "Vidly", "Vidly.csproj", "{3C42A6B3-5206-4107-8897-4DF1B04C0641}"
EndProject
Global
	GlobalSection(SolutionConfigurationPlatforms) = preSolution
		Debug|Any CPU = Debug|Any CPU
		Release|Any CPU = Release|Any CPU
	EndGlobalSection
	GlobalSection(ProjectConfigurationPlatforms) = postSolution
		{3C42A6B3-5206-4107-8897-4DF1B04C0641}.Debug|Any CPU.ActiveCfg = Debug|Any CPU
		{3C42A6B3-5206-4107-8897-4DF1B04C0641}.Debug|Any CPU.Build.0 = Debug|Any CPU
		{3C42A6B3-5206-4107-8897-4DF1B04C0641}.Release|Any CPU.ActiveCfg = Release|Any CPU
		{3C42A6B3-5206-4107-8897-4DF1B04C0641}.Release|Any CPU.Build.0 = Release|Any CPU
	EndGlobalSection
	GlobalSection(SolutionProperties) = preSolution
		HideSolutionNode = FALSE
	EndGlobalSection
	GlobalSection(ExtensibilityGlobals) = postSolution
		SolutionGuid = {B8DF7F0A-5B86-46DA-9B1A-ECA1EB042088}
	EndGlobalSection
EndGlobal
